<?xml version="1.0" encoding="utf-8"?>
<Project ToolsVersion="4.0" xmlns="http://schemas.microsoft.com/developer/msbuild/2003">
  <ItemGroup>
    <Filter Include="Source Files">
      <UniqueIdentifier>{4FC737F1-C7A5-4376-A066-2A32D752A2FF}</UniqueIdentifier>
      <Extensions>cpp;c;cc;cxx;c++;cppm;ixx;def;odl;idl;hpj;bat;asm;asmx</Extensions>
    </Filter>
    <Filter Include="Header Files">
      <UniqueIdentifier>{93995380-89BD-4b04-88EB-625FBE52EBFB}</UniqueIdentifier>
      <Extensions>h;hh;hpp;hxx;h++;hm;inl;inc;ipp;xsd</Extensions>
    </Filter>
    <Filter Include="Resource Files">
      <UniqueIdentifier>{67DA6AB6-F800-4c08-8B7A-83BB121AAD01}</UniqueIdentifier>
      <Extensions>rc;ico;cur;bmp;dlg;rc2;rct;bin;rgs;gif;jpg;jpeg;jpe;resx;tiff;tif;png;wav;mfcribbon-ms</Extensions>
    </Filter>
  </ItemGroup>
  <ItemGroup>
    <ClInclude Include="lvalues_rvalues.h">
      <Filter>Header Files</Filter>
    </ClInclude>
    <ClInclude Include="Integer01.h">
      <Filter>Header Files</Filter>
    </ClInclude>
    <ClInclude Include="move_semantics.h">
      <Filter>Header Files</Filter>
    </ClInclude>
    <ClInclude Include="Integer02.h">
      <Filter>Header Files</Filter>
    </ClInclude>
    <ClInclude Include="rule_of_five.h">
      <Filter>Header Files</Filter>
    </ClInclude>
    <ClInclude Include="Integer03.h">
      <Filter>Header Files</Filter>
    </ClInclude>
    <ClInclude Include="Number.h">
      <Filter>Header Files</Filter>
    </ClInclude>
    <ClInclude Include="copy_elision.h">
      <Filter>Header Files</Filter>
    </ClInclude>
  </ItemGroup>
  <ItemGroup>
    <ClCompile Include="lvalues_rvalues.cpp">
      <Filter>Source Files</Filter>
    </ClCompile>
    <ClCompile Include="Source.cpp">
      <Filter>Source Files</Filter>
    </ClCompile>
    <ClCompile Include="move_semantics.cpp">
      <Filter>Source Files</Filter>
    </ClCompile>
    <ClCompile Include="Integer01.cpp">
      <Filter>Source Files</Filter>
    </ClCompile>
    <ClCompile Include="Integer02.cpp">
      <Filter>Source Files</Filter>
    </ClCompile>
    <ClCompile Include="rule_of_five.cpp">
      <Filter>Source Files</Filter>
    </ClCompile>
    <ClCompile Include="Integer03.cpp">
      <Filter>Source Files</Filter>
    </ClCompile>
    <ClCompile Include="Number.cpp">
      <Filter>Source Files</Filter>
    </ClCompile>
    <ClCompile Include="copy_elision.cpp">
      <Filter>Source Files</Filter>
    </ClCompile>
  </ItemGroup>
</Project>